
Microsoft Visual Studio Solution File, Format Version 12.00
# Visual Studio Version 17
VisualStudioVersion = 17.9.34701.34
MinimumVisualStudioVersion = 10.0.40219.1
Project("{9A19103F-16F7-4668-BE54-9A1E7A4F7556}") = "DemoCrud.Api", "DemoCrud.Api\DemoCrud.Api.csproj", "{C83433F1-EDA2-4C86-9E14-59A3DC10EAC0}"
EndProject
Project("{FAE04EC0-301F-11D3-BF4B-00C04F79EFBC}") = "DemoCrud.Domain", "DemoCrud.Domain\DemoCrud.Domain.csproj", "{087C9738-2831-4E0F-918E-92B4AA21E6E0}"
EndProject
Global
	GlobalSection(SolutionConfigurationPlatforms) = preSolution
		Debug|Any CPU = Debug|Any CPU
		Release|Any CPU = Release|Any CPU
	EndGlobalSection
	GlobalSection(ProjectConfigurationPlatforms) = postSolution
		{C83433F1-EDA2-4C86-9E14-59A3DC10EAC0}.Debug|Any CPU.ActiveCfg = Debug|Any CPU
		{C83433F1-EDA2-4C86-9E14-59A3DC10EAC0}.Debug|Any CPU.Build.0 = Debug|Any CPU
		{C83433F1-EDA2-4C86-9E14-59A3DC10EAC0}.Release|Any CPU.ActiveCfg = Release|Any CPU
		{C83433F1-EDA2-4C86-9E14-59A3DC10EAC0}.Release|Any CPU.Build.0 = Release|Any CPU
		{087C9738-2831-4E0F-918E-92B4AA21E6E0}.Debug|Any CPU.ActiveCfg = Debug|Any CPU
		{087C9738-2831-4E0F-918E-92B4AA21E6E0}.Debug|Any CPU.Build.0 = Debug|Any CPU
		{087C9738-2831-4E0F-918E-92B4AA21E6E0}.Release|Any CPU.ActiveCfg = Release|Any CPU
		{087C9738-2831-4E0F-918E-92B4AA21E6E0}.Release|Any CPU.Build.0 = Release|Any CPU
	EndGlobalSection
	GlobalSection(SolutionProperties) = preSolution
		HideSolutionNode = FALSE
	EndGlobalSection
	GlobalSection(ExtensibilityGlobals) = postSolution
		SolutionGuid = {B635221B-308F-4ECA-912F-2DB2ED069386}
	EndGlobalSection
EndGlobal
